
Microsoft Visual Studio Solution File, Format Version 12.00
# Visual Studio Version 16
VisualStudioVersion = 16.0.32413.511
MinimumVisualStudioVersion = 10.0.40219.1
Project("{FAE04EC0-301F-11D3-BF4B-00C04F79EFBC}") = "TrapTool", "TrapTool.csproj", "{46DCF374-FB2B-4DD4-A6BE-D4E1D4FB11DD}"
EndProject
Global
	GlobalSection(SolutionConfigurationPlatforms) = preSolution
		Debug|Any CPU = Debug|Any CPU
		Release|Any CPU = Release|Any CPU
	EndGlobalSection
	GlobalSection(ProjectConfigurationPlatforms) = postSolution
		{46DCF374-FB2B-4DD4-A6BE-D4E1D4FB11DD}.Debug|Any CPU.ActiveCfg = Debug|Any CPU
		{46DCF374-FB2B-4DD4-A6BE-D4E1D4FB11DD}.Debug|Any CPU.Build.0 = Debug|Any CPU
		{46DCF374-FB2B-4DD4-A6BE-D4E1D4FB11DD}.Release|Any CPU.ActiveCfg = Release|Any CPU
		{46DCF374-FB2B-4DD4-A6BE-D4E1D4FB11DD}.Release|Any CPU.Build.0 = Release|Any CPU
	EndGlobalSection
	GlobalSection(SolutionProperties) = preSolution
		HideSolutionNode = FALSE
	EndGlobalSection
	GlobalSection(ExtensibilityGlobals) = postSolution
		SolutionGuid = {44A84B84-2850-461E-B669-D5495B6255E1}
	EndGlobalSection
EndGlobal
